
Microsoft Visual Studio Solution File, Format Version 12.00
# Visual Studio 15
VisualStudioVersion = 15.0.26430.15
MinimumVisualStudioVersion = 10.0.40219.1
Project("{FAE04EC0-301F-11D3-BF4B-00C04F79EFBC}") = "ConsoleYzgMap", "ConsoleYzgMap\ConsoleYzgMap.csproj", "{8426FE59-B4EC-42F3-A63C-3A3B8265FB73}"
EndProject
Project("{FAE04EC0-301F-11D3-BF4B-00C04F79EFBC}") = "YzgMap", "YzgMap\YzgMap.csproj", "{4E41C20D-650B-440B-8D93-465D4FB357CF}"
EndProject
Global
	GlobalSection(SolutionConfigurationPlatforms) = preSolution
		Debug|Any CPU = Debug|Any CPU
		Release|Any CPU = Release|Any CPU
	EndGlobalSection
	GlobalSection(ProjectConfigurationPlatforms) = postSolution
		{8426FE59-B4EC-42F3-A63C-3A3B8265FB73}.Debug|Any CPU.ActiveCfg = Debug|Any CPU
		{8426FE59-B4EC-42F3-A63C-3A3B8265FB73}.Debug|Any CPU.Build.0 = Debug|Any CPU
		{8426FE59-B4EC-42F3-A63C-3A3B8265FB73}.Release|Any CPU.ActiveCfg = Release|Any CPU
		{8426FE59-B4EC-42F3-A63C-3A3B8265FB73}.Release|Any CPU.Build.0 = Release|Any CPU
		{4E41C20D-650B-440B-8D93-465D4FB357CF}.Debug|Any CPU.ActiveCfg = Debug|Any CPU
		{4E41C20D-650B-440B-8D93-465D4FB357CF}.Debug|Any CPU.Build.0 = Debug|Any CPU
		{4E41C20D-650B-440B-8D93-465D4FB357CF}.Release|Any CPU.ActiveCfg = Release|Any CPU
		{4E41C20D-650B-440B-8D93-465D4FB357CF}.Release|Any CPU.Build.0 = Release|Any CPU
	EndGlobalSection
	GlobalSection(SolutionProperties) = preSolution
		HideSolutionNode = FALSE
	EndGlobalSection
EndGlobal
